{
  "lockfileVersion": 1,
  "sources": {
    "davidvkimball/obsidian-dev-skills:.": {
      "requestedRef": "master",
      "resolvedRef": "6ca47c9cdbe3e1638848aeb7d645ed47d64a9cc1",
      "resolvedAt": "2026-07-01T10:04:20.925Z",
      "skills": {
        ".github": {
          "integrity": "sha256-cdf1b7959fdf4d98a0a3fde871fbddd82dd39289cc99242e093d197d587c605a"
        },
        "scripts": {
          "integrity": "sha256-0ff3c67ecc3f667fa678b5c00efe206c54c00fc00d88992637c189b595e1f78c"
        }
      }
    },
    "yungho/obsidian-plugin-dev": {
      "requestedRef": "main",
      "resolvedRef": "2a32c661bbba8ef2ddcc99f6cec70c8b4955cb73",
      "resolvedAt": "2026-07-01T10:04:22.766Z",
      "skills": {
        "reference": {
          "integrity": "sha256-13bf05567eba103e4a109f0c23658370206e7071384fd4c82aa77705376fa34f"
        }
      }
    }
  }
}
